
Microsoft Visual Studio Solution File, Format Version 12.00
# Visual Studio Version 16
VisualStudioVersion = 16.0.30413.136
MinimumVisualStudioVersion = 10.0.40219.1
Project("{FAE04EC0-301F-11D3-BF4B-00C04F79EFBC}") = "Entidades", "Entidades\Entidades.csproj", "{D1B807D4-A1E6-4334-9F23-2594A2E1D005}"
EndProject
Project("{FAE04EC0-301F-11D3-BF4B-00C04F79EFBC}") = "Kwik E Mart", "Kwik E Mart\Kwik E Mart.csproj", "{FA8351CE-B5D5-487D-9FDB-DB286C697472}"
EndProject
Global
	GlobalSection(SolutionConfigurationPlatforms) = preSolution
		Debug|Any CPU = Debug|Any CPU
		Release|Any CPU = Release|Any CPU
	EndGlobalSection
	GlobalSection(ProjectConfigurationPlatforms) = postSolution
		{D1B807D4-A1E6-4334-9F23-2594A2E1D005}.Debug|Any CPU.ActiveCfg = Debug|Any CPU
		{D1B807D4-A1E6-4334-9F23-2594A2E1D005}.Debug|Any CPU.Build.0 = Debug|Any CPU
		{D1B807D4-A1E6-4334-9F23-2594A2E1D005}.Release|Any CPU.ActiveCfg = Release|Any CPU
		{D1B807D4-A1E6-4334-9F23-2594A2E1D005}.Release|Any CPU.Build.0 = Release|Any CPU
		{FA8351CE-B5D5-487D-9FDB-DB286C697472}.Debug|Any CPU.ActiveCfg = Debug|Any CPU
		{FA8351CE-B5D5-487D-9FDB-DB286C697472}.Debug|Any CPU.Build.0 = Debug|Any CPU
		{FA8351CE-B5D5-487D-9FDB-DB286C697472}.Release|Any CPU.ActiveCfg = Release|Any CPU
		{FA8351CE-B5D5-487D-9FDB-DB286C697472}.Release|Any CPU.Build.0 = Release|Any CPU
	EndGlobalSection
	GlobalSection(SolutionProperties) = preSolution
		HideSolutionNode = FALSE
	EndGlobalSection
	GlobalSection(ExtensibilityGlobals) = postSolution
		SolutionGuid = {098B0986-5949-4E29-8069-A420F5772CF3}
	EndGlobalSection
EndGlobal
